
Microsoft Visual Studio Solution File, Format Version 12.00
# Visual Studio 14
VisualStudioVersion = 14.0.25420.1
MinimumVisualStudioVersion = 10.0.40219.1
Project("{FAE04EC0-301F-11D3-BF4B-00C04F79EFBC}") = "Common", "Common\Common.csproj", "{59C84D10-FC24-4FD3-8D47-4091DDE4CA38}"
EndProject
Project("{FAE04EC0-301F-11D3-BF4B-00C04F79EFBC}") = "SipServer", "SipServer\SipServer.csproj", "{B92D3025-C749-4AC4-A8A2-ED9D858F4273}"
EndProject
Project("{FAE04EC0-301F-11D3-BF4B-00C04F79EFBC}") = "Engine", "Engine\Engine.csproj", "{47A587D6-3319-4B6B-9970-8FF8EB5DDA9E}"
EndProject
Project("{FAE04EC0-301F-11D3-BF4B-00C04F79EFBC}") = "IGraphAddin", "IGraphAddin\IGraphAddin.csproj", "{7B73AE74-B22A-4DBA-BAB5-1BDD2DEAAE19}"
EndProject
Project("{2150E333-8FDC-42A3-9474-1A3956D46DE8}") = "Plugins", "Plugins", "{81B05C5F-A5C6-45FF-87A9-4FB4CC406A49}"
EndProject
Project("{FAE04EC0-301F-11D3-BF4B-00C04F79EFBC}") = "Plugin.Mailbox", "Plugins\Plugin.Mailbox\Plugin.Mailbox.csproj", "{0E8FADA5-285A-418B-A7CC-E35A8553669D}"
EndProject
Project("{FAE04EC0-301F-11D3-BF4B-00C04F79EFBC}") = "Plugin.Umsv", "Plugins\Plugin.Umsv\Plugin.Umsv.csproj", "{26C970B1-398E-4BF9-A4BA-4AF19A31D412}"
EndProject
Project("{FAE04EC0-301F-11D3-BF4B-00C04F79EFBC}") = "Plugin.SoftPhone", "Plugins\Plugin.SoftPhone\Plugin.SoftPhone.csproj", "{2FB79E09-F934-4431-B9FC-60F9F231CFCC}"
EndProject
Global
	GlobalSection(SolutionConfigurationPlatforms) = preSolution
		Debug|Any CPU = Debug|Any CPU
		Debug|Mixed Platforms = Debug|Mixed Platforms
		Debug|x86 = Debug|x86
		MINA|Any CPU = MINA|Any CPU
		MINA|Mixed Platforms = MINA|Mixed Platforms
		MINA|x86 = MINA|x86
		Release|Any CPU = Release|Any CPU
		Release|Mixed Platforms = Release|Mixed Platforms
		Release|x86 = Release|x86
	EndGlobalSection
	GlobalSection(ProjectConfigurationPlatforms) = postSolution
		{59C84D10-FC24-4FD3-8D47-4091DDE4CA38}.Debug|Any CPU.ActiveCfg = Debug|Any CPU
		{59C84D10-FC24-4FD3-8D47-4091DDE4CA38}.Debug|Any CPU.Build.0 = Debug|Any CPU
		{59C84D10-FC24-4FD3-8D47-4091DDE4CA38}.Debug|Mixed Platforms.ActiveCfg = Debug|Any CPU
		{59C84D10-FC24-4FD3-8D47-4091DDE4CA38}.Debug|Mixed Platforms.Build.0 = Debug|Any CPU
		{59C84D10-FC24-4FD3-8D47-4091DDE4CA38}.Debug|x86.ActiveCfg = Debug|Any CPU
		{59C84D10-FC24-4FD3-8D47-4091DDE4CA38}.MINA|Any CPU.ActiveCfg = MINA|Any CPU
		{59C84D10-FC24-4FD3-8D47-4091DDE4CA38}.MINA|Any CPU.Build.0 = MINA|Any CPU
		{59C84D10-FC24-4FD3-8D47-4091DDE4CA38}.MINA|Mixed Platforms.ActiveCfg = MINA|Any CPU
		{59C84D10-FC24-4FD3-8D47-4091DDE4CA38}.MINA|Mixed Platforms.Build.0 = MINA|Any CPU
		{59C84D10-FC24-4FD3-8D47-4091DDE4CA38}.MINA|x86.ActiveCfg = MINA|Any CPU
		{59C84D10-FC24-4FD3-8D47-4091DDE4CA38}.Release|Any CPU.ActiveCfg = Release|Any CPU
		{59C84D10-FC24-4FD3-8D47-4091DDE4CA38}.Release|Any CPU.Build.0 = Release|Any CPU
		{59C84D10-FC24-4FD3-8D47-4091DDE4CA38}.Release|Mixed Platforms.ActiveCfg = Release|Any CPU
		{59C84D10-FC24-4FD3-8D47-4091DDE4CA38}.Release|Mixed Platforms.Build.0 = Release|Any CPU
		{59C84D10-FC24-4FD3-8D47-4091DDE4CA38}.Release|x86.ActiveCfg = Release|Any CPU
		{B92D3025-C749-4AC4-A8A2-ED9D858F4273}.Debug|Any CPU.ActiveCfg = Debug|Any CPU
		{B92D3025-C749-4AC4-A8A2-ED9D858F4273}.Debug|Any CPU.Build.0 = Debug|Any CPU
		{B92D3025-C749-4AC4-A8A2-ED9D858F4273}.Debug|Mixed Platforms.ActiveCfg = Debug|Any CPU
		{B92D3025-C749-4AC4-A8A2-ED9D858F4273}.Debug|Mixed Platforms.Build.0 = Debug|Any CPU
		{B92D3025-C749-4AC4-A8A2-ED9D858F4273}.Debug|x86.ActiveCfg = Debug|Any CPU
		{B92D3025-C749-4AC4-A8A2-ED9D858F4273}.MINA|Any CPU.ActiveCfg = MINA|Any CPU
		{B92D3025-C749-4AC4-A8A2-ED9D858F4273}.MINA|Any CPU.Build.0 = MINA|Any CPU
		{B92D3025-C749-4AC4-A8A2-ED9D858F4273}.MINA|Mixed Platforms.ActiveCfg = MINA|Any CPU
		{B92D3025-C749-4AC4-A8A2-ED9D858F4273}.MINA|Mixed Platforms.Build.0 = MINA|Any CPU
		{B92D3025-C749-4AC4-A8A2-ED9D858F4273}.MINA|x86.ActiveCfg = MINA|Any CPU
		{B92D3025-C749-4AC4-A8A2-ED9D858F4273}.Release|Any CPU.ActiveCfg = Release|Any CPU
		{B92D3025-C749-4AC4-A8A2-ED9D858F4273}.Release|Any CPU.Build.0 = Release|Any CPU
		{B92D3025-C749-4AC4-A8A2-ED9D858F4273}.Release|Mixed Platforms.ActiveCfg = Release|Any CPU
		{B92D3025-C749-4AC4-A8A2-ED9D858F4273}.Release|Mixed Platforms.Build.0 = Release|Any CPU
		{B92D3025-C749-4AC4-A8A2-ED9D858F4273}.Release|x86.ActiveCfg = Release|Any CPU
		{47A587D6-3319-4B6B-9970-8FF8EB5DDA9E}.Debug|Any CPU.ActiveCfg = Debug|Any CPU
		{47A587D6-3319-4B6B-9970-8FF8EB5DDA9E}.Debug|Any CPU.Build.0 = Debug|Any CPU
		{47A587D6-3319-4B6B-9970-8FF8EB5DDA9E}.Debug|Mixed Platforms.ActiveCfg = Debug|Any CPU
		{47A587D6-3319-4B6B-9970-8FF8EB5DDA9E}.Debug|Mixed Platforms.Build.0 = Debug|Any CPU
		{47A587D6-3319-4B6B-9970-8FF8EB5DDA9E}.Debug|x86.ActiveCfg = Debug|Any CPU
		{47A587D6-3319-4B6B-9970-8FF8EB5DDA9E}.MINA|Any CPU.ActiveCfg = MINA|Any CPU
		{47A587D6-3319-4B6B-9970-8FF8EB5DDA9E}.MINA|Any CPU.Build.0 = MINA|Any CPU
		{47A587D6-3319-4B6B-9970-8FF8EB5DDA9E}.MINA|Mixed Platforms.ActiveCfg = MINA|Any CPU
		{47A587D6-3319-4B6B-9970-8FF8EB5DDA9E}.MINA|Mixed Platforms.Build.0 = MINA|Any CPU
		{47A587D6-3319-4B6B-9970-8FF8EB5DDA9E}.MINA|x86.ActiveCfg = MINA|Any CPU
		{47A587D6-3319-4B6B-9970-8FF8EB5DDA9E}.Release|Any CPU.ActiveCfg = Release|Any CPU
		{47A587D6-3319-4B6B-9970-8FF8EB5DDA9E}.Release|Any CPU.Build.0 = Release|Any CPU
		{47A587D6-3319-4B6B-9970-8FF8EB5DDA9E}.Release|Mixed Platforms.ActiveCfg = Release|Any CPU
		{47A587D6-3319-4B6B-9970-8FF8EB5DDA9E}.Release|Mixed Platforms.Build.0 = Release|Any CPU
		{47A587D6-3319-4B6B-9970-8FF8EB5DDA9E}.Release|x86.ActiveCfg = Release|Any CPU
		{7B73AE74-B22A-4DBA-BAB5-1BDD2DEAAE19}.Debug|Any CPU.ActiveCfg = Debug|Any CPU
		{7B73AE74-B22A-4DBA-BAB5-1BDD2DEAAE19}.Debug|Any CPU.Build.0 = Debug|Any CPU
		{7B73AE74-B22A-4DBA-BAB5-1BDD2DEAAE19}.Debug|Mixed Platforms.ActiveCfg = Debug|Any CPU
		{7B73AE74-B22A-4DBA-BAB5-1BDD2DEAAE19}.Debug|Mixed Platforms.Build.0 = Debug|Any CPU
		{7B73AE74-B22A-4DBA-BAB5-1BDD2DEAAE19}.Debug|x86.ActiveCfg = Debug|Any CPU
		{7B73AE74-B22A-4DBA-BAB5-1BDD2DEAAE19}.MINA|Any CPU.ActiveCfg = MINA|Any CPU
		{7B73AE74-B22A-4DBA-BAB5-1BDD2DEAAE19}.MINA|Any CPU.Build.0 = MINA|Any CPU
		{7B73AE74-B22A-4DBA-BAB5-1BDD2DEAAE19}.MINA|Mixed Platforms.ActiveCfg = MINA|Any CPU
		{7B73AE74-B22A-4DBA-BAB5-1BDD2DEAAE19}.MINA|Mixed Platforms.Build.0 = MINA|Any CPU
		{7B73AE74-B22A-4DBA-BAB5-1BDD2DEAAE19}.MINA|x86.ActiveCfg = MINA|Any CPU
		{7B73AE74-B22A-4DBA-BAB5-1BDD2DEAAE19}.Release|Any CPU.ActiveCfg = Release|Any CPU
		{7B73AE74-B22A-4DBA-BAB5-1BDD2DEAAE19}.Release|Any CPU.Build.0 = Release|Any CPU
		{7B73AE74-B22A-4DBA-BAB5-1BDD2DEAAE19}.Release|Mixed Platforms.ActiveCfg = Release|Any CPU
		{7B73AE74-B22A-4DBA-BAB5-1BDD2DEAAE19}.Release|Mixed Platforms.Build.0 = Release|Any CPU
		{7B73AE74-B22A-4DBA-BAB5-1BDD2DEAAE19}.Release|x86.ActiveCfg = Release|Any CPU
		{0E8FADA5-285A-418B-A7CC-E35A8553669D}.Debug|Any CPU.ActiveCfg = Debug|Any CPU
		{0E8FADA5-285A-418B-A7CC-E35A8553669D}.Debug|Any CPU.Build.0 = Debug|Any CPU
		{0E8FADA5-285A-418B-A7CC-E35A8553669D}.Debug|Mixed Platforms.ActiveCfg = Debug|Any CPU
		{0E8FADA5-285A-418B-A7CC-E35A8553669D}.Debug|Mixed Platforms.Build.0 = Debug|Any CPU
		{0E8FADA5-285A-418B-A7CC-E35A8553669D}.Debug|x86.ActiveCfg = Debug|Any CPU
		{0E8FADA5-285A-418B-A7CC-E35A8553669D}.MINA|Any CPU.ActiveCfg = MINA|Any CPU
		{0E8FADA5-285A-418B-A7CC-E35A8553669D}.MINA|Any CPU.Build.0 = MINA|Any CPU
		{0E8FADA5-285A-418B-A7CC-E35A8553669D}.MINA|Mixed Platforms.ActiveCfg = MINA|Any CPU
		{0E8FADA5-285A-418B-A7CC-E35A8553669D}.MINA|Mixed Platforms.Build.0 = MINA|Any CPU
		{0E8FADA5-285A-418B-A7CC-E35A8553669D}.MINA|x86.ActiveCfg = MINA|Any CPU
		{0E8FADA5-285A-418B-A7CC-E35A8553669D}.Release|Any CPU.ActiveCfg = Release|Any CPU
		{0E8FADA5-285A-418B-A7CC-E35A8553669D}.Release|Any CPU.Build.0 = Release|Any CPU
		{0E8FADA5-285A-418B-A7CC-E35A8553669D}.Release|Mixed Platforms.ActiveCfg = Release|Any CPU
		{0E8FADA5-285A-418B-A7CC-E35A8553669D}.Release|Mixed Platforms.Build.0 = Release|Any CPU
		{0E8FADA5-285A-418B-A7CC-E35A8553669D}.Release|x86.ActiveCfg = Release|Any CPU
		{26C970B1-398E-4BF9-A4BA-4AF19A31D412}.Debug|Any CPU.ActiveCfg = Debug|Any CPU
		{26C970B1-398E-4BF9-A4BA-4AF19A31D412}.Debug|Any CPU.Build.0 = Debug|Any CPU
		{26C970B1-398E-4BF9-A4BA-4AF19A31D412}.Debug|Mixed Platforms.ActiveCfg = Debug|Any CPU
		{26C970B1-398E-4BF9-A4BA-4AF19A31D412}.Debug|Mixed Platforms.Build.0 = Debug|Any CPU
		{26C970B1-398E-4BF9-A4BA-4AF19A31D412}.Debug|x86.ActiveCfg = Debug|Any CPU
		{26C970B1-398E-4BF9-A4BA-4AF19A31D412}.MINA|Any CPU.ActiveCfg = MINA|Any CPU
		{26C970B1-398E-4BF9-A4BA-4AF19A31D412}.MINA|Any CPU.Build.0 = MINA|Any CPU
		{26C970B1-398E-4BF9-A4BA-4AF19A31D412}.MINA|Mixed Platforms.ActiveCfg = MINA|Any CPU
		{26C970B1-398E-4BF9-A4BA-4AF19A31D412}.MINA|Mixed Platforms.Build.0 = MINA|Any CPU
		{26C970B1-398E-4BF9-A4BA-4AF19A31D412}.MINA|x86.ActiveCfg = MINA|Any CPU
		{26C970B1-398E-4BF9-A4BA-4AF19A31D412}.Release|Any CPU.ActiveCfg = Release|Any CPU
		{26C970B1-398E-4BF9-A4BA-4AF19A31D412}.Release|Any CPU.Build.0 = Release|Any CPU
		{26C970B1-398E-4BF9-A4BA-4AF19A31D412}.Release|Mixed Platforms.ActiveCfg = Release|Any CPU
		{26C970B1-398E-4BF9-A4BA-4AF19A31D412}.Release|Mixed Platforms.Build.0 = Release|Any CPU
		{26C970B1-398E-4BF9-A4BA-4AF19A31D412}.Release|x86.ActiveCfg = Release|Any CPU
		{2FB79E09-F934-4431-B9FC-60F9F231CFCC}.Debug|Any CPU.ActiveCfg = Debug|Any CPU
		{2FB79E09-F934-4431-B9FC-60F9F231CFCC}.Debug|Any CPU.Build.0 = Debug|Any CPU
		{2FB79E09-F934-4431-B9FC-60F9F231CFCC}.Debug|Mixed Platforms.ActiveCfg = Debug|Any CPU
		{2FB79E09-F934-4431-B9FC-60F9F231CFCC}.Debug|Mixed Platforms.Build.0 = Debug|Any CPU
		{2FB79E09-F934-4431-B9FC-60F9F231CFCC}.Debug|x86.ActiveCfg = Debug|Any CPU
		{2FB79E09-F934-4431-B9FC-60F9F231CFCC}.MINA|Any CPU.ActiveCfg = MINA|Any CPU
		{2FB79E09-F934-4431-B9FC-60F9F231CFCC}.MINA|Any CPU.Build.0 = MINA|Any CPU
		{2FB79E09-F934-4431-B9FC-60F9F231CFCC}.MINA|Mixed Platforms.ActiveCfg = MINA|Any CPU
		{2FB79E09-F934-4431-B9FC-60F9F231CFCC}.MINA|Mixed Platforms.Build.0 = MINA|Any CPU
		{2FB79E09-F934-4431-B9FC-60F9F231CFCC}.MINA|x86.ActiveCfg = MINA|Any CPU
		{2FB79E09-F934-4431-B9FC-60F9F231CFCC}.Release|Any CPU.ActiveCfg = Release|Any CPU
		{2FB79E09-F934-4431-B9FC-60F9F231CFCC}.Release|Any CPU.Build.0 = Release|Any CPU
		{2FB79E09-F934-4431-B9FC-60F9F231CFCC}.Release|Mixed Platforms.ActiveCfg = Release|Any CPU
		{2FB79E09-F934-4431-B9FC-60F9F231CFCC}.Release|Mixed Platforms.Build.0 = Release|Any CPU
		{2FB79E09-F934-4431-B9FC-60F9F231CFCC}.Release|x86.ActiveCfg = Release|Any CPU
	EndGlobalSection
	GlobalSection(SolutionProperties) = preSolution
		HideSolutionNode = FALSE
	EndGlobalSection
	GlobalSection(NestedProjects) = preSolution
		{0E8FADA5-285A-418B-A7CC-E35A8553669D} = {81B05C5F-A5C6-45FF-87A9-4FB4CC406A49}
		{26C970B1-398E-4BF9-A4BA-4AF19A31D412} = {81B05C5F-A5C6-45FF-87A9-4FB4CC406A49}
		{2FB79E09-F934-4431-B9FC-60F9F231CFCC} = {81B05C5F-A5C6-45FF-87A9-4FB4CC406A49}
	EndGlobalSection
	GlobalSection(TestCaseManagementSettings) = postSolution
		CategoryFile = UMSV.vsmdi
	EndGlobalSection
EndGlobal
